
Microsoft Visual Studio Solution File, Format Version 12.00
# Visual Studio Version 16
VisualStudioVersion = 16.0.29424.173
MinimumVisualStudioVersion = 10.0.40219.1
Project("{9A19103F-16F7-4668-BE54-9A1E7A4F7556}") = "TechnicalInterview", "TechnicalInterview\TechnicalInterview.csproj", "{2A7F82DF-77BB-49C4-9ACD-FA91DB9B671D}"
EndProject
Project("{FAE04EC0-301F-11D3-BF4B-00C04F79EFBC}") = "TechnicalInterviewTests", "TechnicalInterviewTests\TechnicalInterviewTests.csproj", "{115281C6-04C5-429A-8D06-7CBC35A320F8}"
EndProject
Global
	GlobalSection(SolutionConfigurationPlatforms) = preSolution
		Debug|Any CPU = Debug|Any CPU
		Release|Any CPU = Release|Any CPU
	EndGlobalSection
	GlobalSection(ProjectConfigurationPlatforms) = postSolution
		{2A7F82DF-77BB-49C4-9ACD-FA91DB9B671D}.Debug|Any CPU.ActiveCfg = Debug|Any CPU
		{2A7F82DF-77BB-49C4-9ACD-FA91DB9B671D}.Debug|Any CPU.Build.0 = Debug|Any CPU
		{2A7F82DF-77BB-49C4-9ACD-FA91DB9B671D}.Release|Any CPU.ActiveCfg = Release|Any CPU
		{2A7F82DF-77BB-49C4-9ACD-FA91DB9B671D}.Release|Any CPU.Build.0 = Release|Any CPU
		{115281C6-04C5-429A-8D06-7CBC35A320F8}.Debug|Any CPU.ActiveCfg = Debug|Any CPU
		{115281C6-04C5-429A-8D06-7CBC35A320F8}.Debug|Any CPU.Build.0 = Debug|Any CPU
		{115281C6-04C5-429A-8D06-7CBC35A320F8}.Release|Any CPU.ActiveCfg = Release|Any CPU
		{115281C6-04C5-429A-8D06-7CBC35A320F8}.Release|Any CPU.Build.0 = Release|Any CPU
	EndGlobalSection
	GlobalSection(SolutionProperties) = preSolution
		HideSolutionNode = FALSE
	EndGlobalSection
	GlobalSection(ExtensibilityGlobals) = postSolution
		SolutionGuid = {D5368104-6D6C-46AD-B9F3-3134C078814C}
	EndGlobalSection
EndGlobal
